// !$*UTF8*$!
{
	archiveVersion = 1;
	classes = {
	};
	objectVersion = 46;
	objects = {

/* Begin PBXAggregateTarget section */
		DCDED62218A413650019A070 /* Framework */ = {
			isa = PBXAggregateTarget;
			buildConfigurationList = DCDED62518A413650019A070 /* Build configuration list for PBXAggregateTarget "Framework" */;
			buildPhases = (
				DCDED62818A413890019A070 /* ShellScript */,
			);
			dependencies = (
				DCDED62718A413730019A070 /* PBXTargetDependency */,
			);
			name = Framework;
			productName = Framework;
		};
/* End PBXAggregateTarget section */

/* Begin PBXBuildFile section */
		DCAE572818A4106200E7447D /* Foundation.framework in Frameworks */ = {isa = PBXBuildFile; fileRef = 00F90B5015FFE93F00B5F4DF /* Foundation.framework */; };
		DCAE573618A4106200E7447D /* XCTest.framework in Frameworks */ = {isa = PBXBuildFile; fileRef = DCAE573518A4106200E7447D /* XCTest.framework */; };
		DCAE573718A4106200E7447D /* Foundation.framework in Frameworks */ = {isa = PBXBuildFile; fileRef = 00F90B5015FFE93F00B5F4DF /* Foundation.framework */; };
		DCAE573918A4106200E7447D /* UIKit.framework in Frameworks */ = {isa = PBXBuildFile; fileRef = DCAE573818A4106200E7447D /* UIKit.framework */; };
		DCAE573C18A4106200E7447D /* libCaptureRecord.a in Frameworks */ = {isa = PBXBuildFile; fileRef = DCAE572718A4106200E7447D /* libCaptureRecord.a */; };
		DCAE574218A4106200E7447D /* InfoPlist.strings in Resources */ = {isa = PBXBuildFile; fileRef = DCAE574018A4106200E7447D /* InfoPlist.strings */; };
		DCAE574418A4106200E7447D /* CaptureRecordTests.m in Sources */ = {isa = PBXBuildFile; fileRef = DCAE574318A4106200E7447D /* CaptureRecordTests.m */; };
		DCAE574C18A410FC00E7447D /* CaptureRecord.h in Headers */ = {isa = PBXBuildFile; fileRef = 00F90B5E15FFE9B200B5F4DF /* CaptureRecord.h */; settings = {ATTRIBUTES = (Public, ); }; };
		DCAE574D18A4111D00E7447D /* CRCameraRecorder.m in Sources */ = {isa = PBXBuildFile; fileRef = 00F90B6015FFE9B200B5F4DF /* CRCameraRecorder.m */; };
		DCAE574E18A4111D00E7447D /* CRCGUtils.m in Sources */ = {isa = PBXBuildFile; fileRef = 00F90B6215FFE9B200B5F4DF /* CRCGUtils.m */; };
		DCAE574F18A4111D00E7447D /* CRDefines.m in Sources */ = {isa = PBXBuildFile; fileRef = 00F90B6415FFE9B200B5F4DF /* CRDefines.m */; };
		DCAE575018A4111D00E7447D /* CRRecorder.m in Sources */ = {isa = PBXBuildFile; fileRef = 00F90B6715FFE9B200B5F4DF /* CRRecorder.m */; };
		DCAE575118A4111D00E7447D /* CRScreenRecorder.m in Sources */ = {isa = PBXBuildFile; fileRef = 00F90B6915FFE9B200B5F4DF /* CRScreenRecorder.m */; };
		DCAE575218A4111D00E7447D /* CRUIButton.m in Sources */ = {isa = PBXBuildFile; fileRef = 00F90B6B15FFE9B200B5F4DF /* CRUIButton.m */; };
		DCAE575318A4111D00E7447D /* CRUIRecordOverlay.m in Sources */ = {isa = PBXBuildFile; fileRef = 00F90B6F15FFE9B200B5F4DF /* CRUIRecordOverlay.m */; };
		DCAE575418A4111D00E7447D /* CRUITouch.m in Sources */ = {isa = PBXBuildFile; fileRef = 00F90B7115FFE9B200B5F4DF /* CRUITouch.m */; };
		DCAE575518A4111D00E7447D /* CRUIViewRecorder.m in Sources */ = {isa = PBXBuildFile; fileRef = 00F90B7315FFE9B200B5F4DF /* CRUIViewRecorder.m */; };
		DCAE575618A4111D00E7447D /* CRUIWindow.m in Sources */ = {isa = PBXBuildFile; fileRef = 00F90B7515FFE9B200B5F4DF /* CRUIWindow.m */; };
		DCAE575718A4111D00E7447D /* CRUtils.m in Sources */ = {isa = PBXBuildFile; fileRef = 00F90B7715FFE9B200B5F4DF /* CRUtils.m */; };
		DCAE575818A4111D00E7447D /* CRVideo.m in Sources */ = {isa = PBXBuildFile; fileRef = 00F90B7915FFE9B200B5F4DF /* CRVideo.m */; };
		DCAE575918A4111D00E7447D /* CRVideoWriter.m in Sources */ = {isa = PBXBuildFile; fileRef = 00F90B7B15FFE9B200B5F4DF /* CRVideoWriter.m */; };
		DCAE575A18A4114A00E7447D /* CRCameraRecorder.h in Headers */ = {isa = PBXBuildFile; fileRef = 00F90B5F15FFE9B200B5F4DF /* CRCameraRecorder.h */; settings = {ATTRIBUTES = (Public, ); }; };
		DCAE575B18A4114A00E7447D /* CRCGUtils.h in Headers */ = {isa = PBXBuildFile; fileRef = 00F90B6115FFE9B200B5F4DF /* CRCGUtils.h */; settings = {ATTRIBUTES = (Public, ); }; };
		DCAE575C18A4114A00E7447D /* CRDefines.h in Headers */ = {isa = PBXBuildFile; fileRef = 00F90B6315FFE9B200B5F4DF /* CRDefines.h */; settings = {ATTRIBUTES = (Public, ); }; };
		DCAE575D18A4114A00E7447D /* CRRecordable.h in Headers */ = {isa = PBXBuildFile; fileRef = 00F90B6515FFE9B200B5F4DF /* CRRecordable.h */; settings = {ATTRIBUTES = (Public, ); }; };
		DCAE575E18A4114A00E7447D /* CRRecorder.h in Headers */ = {isa = PBXBuildFile; fileRef = 00F90B6615FFE9B200B5F4DF /* CRRecorder.h */; settings = {ATTRIBUTES = (Public, ); }; };
		DCAE575F18A4114A00E7447D /* CRScreenRecorder.h in Headers */ = {isa = PBXBuildFile; fileRef = 00F90B6815FFE9B200B5F4DF /* CRScreenRecorder.h */; settings = {ATTRIBUTES = (Public, ); }; };
		DCAE576018A4114A00E7447D /* CRUIButton.h in Headers */ = {isa = PBXBuildFile; fileRef = 00F90B6A15FFE9B200B5F4DF /* CRUIButton.h */; settings = {ATTRIBUTES = (Public, ); }; };
		DCAE576118A4114A00E7447D /* CRUIRecordOverlay.h in Headers */ = {isa = PBXBuildFile; fileRef = 00F90B6E15FFE9B200B5F4DF /* CRUIRecordOverlay.h */; settings = {ATTRIBUTES = (Public, ); }; };
		DCAE576218A4114A00E7447D /* CRUITouch.h in Headers */ = {isa = PBXBuildFile; fileRef = 00F90B7015FFE9B200B5F4DF /* CRUITouch.h */; settings = {ATTRIBUTES = (Public, ); }; };
		DCAE576318A4114A00E7447D /* CRUIViewRecorder.h in Headers */ = {isa = PBXBuildFile; fileRef = 00F90B7215FFE9B200B5F4DF /* CRUIViewRecorder.h */; settings = {ATTRIBUTES = (Public, ); }; };
		DCAE576418A4114A00E7447D /* CRUIWindow.h in Headers */ = {isa = PBXBuildFile; fileRef = 00F90B7415FFE9B200B5F4DF /* CRUIWindow.h */; settings = {ATTRIBUTES = (Public, ); }; };
		DCAE576518A4114A00E7447D /* CRUtils.h in Headers */ = {isa = PBXBuildFile; fileRef = 00F90B7615FFE9B200B5F4DF /* CRUtils.h */; settings = {ATTRIBUTES = (Public, ); }; };
		DCAE576618A4114A00E7447D /* CRVideo.h in Headers */ = {isa = PBXBuildFile; fileRef = 00F90B7815FFE9B200B5F4DF /* CRVideo.h */; settings = {ATTRIBUTES = (Public, ); }; };
		DCAE576718A4114A00E7447D /* CRVideoWriter.h in Headers */ = {isa = PBXBuildFile; fileRef = 00F90B7A15FFE9B200B5F4DF /* CRVideoWriter.h */; settings = {ATTRIBUTES = (Public, ); }; };
/* End PBXBuildFile section */

/* Begin PBXContainerItemProxy section */
		DCAE573A18A4106200E7447D /* PBXContainerItemProxy */ = {
			isa = PBXContainerItemProxy;
			containerPortal = 00F90B4015FFE93F00B5F4DF /* Project object */;
			proxyType = 1;
			remoteGlobalIDString = DCAE572618A4106200E7447D;
			remoteInfo = CaptureRecord;
		};
		DCDED62618A413730019A070 /* PBXContainerItemProxy */ = {
			isa = PBXContainerItemProxy;
			containerPortal = 00F90B4015FFE93F00B5F4DF /* Project object */;
			proxyType = 1;
			remoteGlobalIDString = DCAE572618A4106200E7447D;
			remoteInfo = CaptureRecord;
		};
/* End PBXContainerItemProxy section */

/* Begin PBXCopyFilesBuildPhase section */
		DCAE572518A4106200E7447D /* CopyFiles */ = {
			isa = PBXCopyFilesBuildPhase;
			buildActionMask = 2147483647;
			dstPath = "include/$(PRODUCT_NAME)";
			dstSubfolderSpec = 16;
			files = (
			);
			runOnlyForDeploymentPostprocessing = 0;
		};
/* End PBXCopyFilesBuildPhase section */

/* Begin PBXFileReference section */
		0004914E16373E700083A8D0 /* License.pdf */ = {isa = PBXFileReference; lastKnownFileType = image.pdf; path = License.pdf; sourceTree = "<group>"; };
		00F90B5015FFE93F00B5F4DF /* Foundation.framework */ = {isa = PBXFileReference; lastKnownFileType = wrapper.framework; name = Foundation.framework; path = System/Library/Frameworks/Foundation.framework; sourceTree = SDKROOT; };
		00F90B5415FFE93F00B5F4DF /* CaptureRecord-Info.plist */ = {isa = PBXFileReference; lastKnownFileType = text.plist.xml; path = "CaptureRecord-Info.plist"; sourceTree = "<group>"; };
		00F90B5615FFE93F00B5F4DF /* en */ = {isa = PBXFileReference; lastKnownFileType = text.plist.strings; name = en; path = en.lproj/InfoPlist.strings; sourceTree = "<group>"; };
		00F90B5815FFE93F00B5F4DF /* CaptureRecord-Prefix.pch */ = {isa = PBXFileReference; lastKnownFileType = sourcecode.c.h; path = "CaptureRecord-Prefix.pch"; sourceTree = "<group>"; };
		00F90B5E15FFE9B200B5F4DF /* CaptureRecord.h */ = {isa = PBXFileReference; fileEncoding = 4; lastKnownFileType = sourcecode.c.h; path = CaptureRecord.h; sourceTree = "<group>"; };
		00F90B5F15FFE9B200B5F4DF /* CRCameraRecorder.h */ = {isa = PBXFileReference; fileEncoding = 4; lastKnownFileType = sourcecode.c.h; path = CRCameraRecorder.h; sourceTree = "<group>"; };
		00F90B6015FFE9B200B5F4DF /* CRCameraRecorder.m */ = {isa = PBXFileReference; fileEncoding = 4; lastKnownFileType = sourcecode.c.objc; path = CRCameraRecorder.m; sourceTree = "<group>"; };
		00F90B6115FFE9B200B5F4DF /* CRCGUtils.h */ = {isa = PBXFileReference; fileEncoding = 4; lastKnownFileType = sourcecode.c.h; path = CRCGUtils.h; sourceTree = "<group>"; };
		00F90B6215FFE9B200B5F4DF /* CRCGUtils.m */ = {isa = PBXFileReference; fileEncoding = 4; lastKnownFileType = sourcecode.c.objc; path = CRCGUtils.m; sourceTree = "<group>"; };
		00F90B6315FFE9B200B5F4DF /* CRDefines.h */ = {isa = PBXFileReference; fileEncoding = 4; lastKnownFileType = sourcecode.c.h; path = CRDefines.h; sourceTree = "<group>"; };
		00F90B6415FFE9B200B5F4DF /* CRDefines.m */ = {isa = PBXFileReference; fileEncoding = 4; lastKnownFileType = sourcecode.c.objc; path = CRDefines.m; sourceTree = "<group>"; };
		00F90B6515FFE9B200B5F4DF /* CRRecordable.h */ = {isa = PBXFileReference; fileEncoding = 4; lastKnownFileType = sourcecode.c.h; path = CRRecordable.h; sourceTree = "<group>"; };
		00F90B6615FFE9B200B5F4DF /* CRRecorder.h */ = {isa = PBXFileReference; fileEncoding = 4; lastKnownFileType = sourcecode.c.h; path = CRRecorder.h; sourceTree = "<group>"; };
		00F90B6715FFE9B200B5F4DF /* CRRecorder.m */ = {isa = PBXFileReference; fileEncoding = 4; lastKnownFileType = sourcecode.c.objc; path = CRRecorder.m; sourceTree = "<group>"; };
		00F90B6815FFE9B200B5F4DF /* CRScreenRecorder.h */ = {isa = PBXFileReference; fileEncoding = 4; lastKnownFileType = sourcecode.c.h; path = CRScreenRecorder.h; sourceTree = "<group>"; };
		00F90B6915FFE9B200B5F4DF /* CRScreenRecorder.m */ = {isa = PBXFileReference; fileEncoding = 4; lastKnownFileType = sourcecode.c.objc; path = CRScreenRecorder.m; sourceTree = "<group>"; };
		00F90B6A15FFE9B200B5F4DF /* CRUIButton.h */ = {isa = PBXFileReference; fileEncoding = 4; lastKnownFileType = sourcecode.c.h; path = CRUIButton.h; sourceTree = "<group>"; };
		00F90B6B15FFE9B200B5F4DF /* CRUIButton.m */ = {isa = PBXFileReference; fileEncoding = 4; lastKnownFileType = sourcecode.c.objc; path = CRUIButton.m; sourceTree = "<group>"; };
		00F90B6E15FFE9B200B5F4DF /* CRUIRecordOverlay.h */ = {isa = PBXFileReference; fileEncoding = 4; lastKnownFileType = sourcecode.c.h; path = CRUIRecordOverlay.h; sourceTree = "<group>"; };
		00F90B6F15FFE9B200B5F4DF /* CRUIRecordOverlay.m */ = {isa = PBXFileReference; fileEncoding = 4; lastKnownFileType = sourcecode.c.objc; path = CRUIRecordOverlay.m; sourceTree = "<group>"; };
		00F90B7015FFE9B200B5F4DF /* CRUITouch.h */ = {isa = PBXFileReference; fileEncoding = 4; lastKnownFileType = sourcecode.c.h; path = CRUITouch.h; sourceTree = "<group>"; };
		00F90B7115FFE9B200B5F4DF /* CRUITouch.m */ = {isa = PBXFileReference; fileEncoding = 4; lastKnownFileType = sourcecode.c.objc; path = CRUITouch.m; sourceTree = "<group>"; };
		00F90B7215FFE9B200B5F4DF /* CRUIViewRecorder.h */ = {isa = PBXFileReference; fileEncoding = 4; lastKnownFileType = sourcecode.c.h; path = CRUIViewRecorder.h; sourceTree = "<group>"; };
		00F90B7315FFE9B200B5F4DF /* CRUIViewRecorder.m */ = {isa = PBXFileReference; fileEncoding = 4; lastKnownFileType = sourcecode.c.objc; path = CRUIViewRecorder.m; sourceTree = "<group>"; };
		00F90B7415FFE9B200B5F4DF /* CRUIWindow.h */ = {isa = PBXFileReference; fileEncoding = 4; lastKnownFileType = sourcecode.c.h; path = CRUIWindow.h; sourceTree = "<group>"; };
		00F90B7515FFE9B200B5F4DF /* CRUIWindow.m */ = {isa = PBXFileReference; fileEncoding = 4; lastKnownFileType = sourcecode.c.objc; path = CRUIWindow.m; sourceTree = "<group>"; };
		00F90B7615FFE9B200B5F4DF /* CRUtils.h */ = {isa = PBXFileReference; fileEncoding = 4; lastKnownFileType = sourcecode.c.h; path = CRUtils.h; sourceTree = "<group>"; };
		00F90B7715FFE9B200B5F4DF /* CRUtils.m */ = {isa = PBXFileReference; fileEncoding = 4; lastKnownFileType = sourcecode.c.objc; path = CRUtils.m; sourceTree = "<group>"; };
		00F90B7815FFE9B200B5F4DF /* CRVideo.h */ = {isa = PBXFileReference; fileEncoding = 4; lastKnownFileType = sourcecode.c.h; path = CRVideo.h; sourceTree = "<group>"; };
		00F90B7915FFE9B200B5F4DF /* CRVideo.m */ = {isa = PBXFileReference; fileEncoding = 4; lastKnownFileType = sourcecode.c.objc; path = CRVideo.m; sourceTree = "<group>"; };
		00F90B7A15FFE9B200B5F4DF /* CRVideoWriter.h */ = {isa = PBXFileReference; fileEncoding = 4; lastKnownFileType = sourcecode.c.h; path = CRVideoWriter.h; sourceTree = "<group>"; };
		00F90B7B15FFE9B200B5F4DF /* CRVideoWriter.m */ = {isa = PBXFileReference; fileEncoding = 4; lastKnownFileType = sourcecode.c.objc; path = CRVideoWriter.m; sourceTree = "<group>"; };
		DCAE572718A4106200E7447D /* libCaptureRecord.a */ = {isa = PBXFileReference; explicitFileType = archive.ar; includeInIndex = 0; path = libCaptureRecord.a; sourceTree = BUILT_PRODUCTS_DIR; };
		DCAE573418A4106200E7447D /* CaptureRecordTests.xctest */ = {isa = PBXFileReference; explicitFileType = wrapper.cfbundle; includeInIndex = 0; path = CaptureRecordTests.xctest; sourceTree = BUILT_PRODUCTS_DIR; };
		DCAE573518A4106200E7447D /* XCTest.framework */ = {isa = PBXFileReference; lastKnownFileType = wrapper.framework; name = XCTest.framework; path = Library/Frameworks/XCTest.framework; sourceTree = DEVELOPER_DIR; };
		DCAE573818A4106200E7447D /* UIKit.framework */ = {isa = PBXFileReference; lastKnownFileType = wrapper.framework; name = UIKit.framework; path = Library/Frameworks/UIKit.framework; sourceTree = DEVELOPER_DIR; };
		DCAE573F18A4106200E7447D /* CaptureRecordTests-Info.plist */ = {isa = PBXFileReference; lastKnownFileType = text.plist.xml; path = "CaptureRecordTests-Info.plist"; sourceTree = "<group>"; };
		DCAE574118A4106200E7447D /* en */ = {isa = PBXFileReference; lastKnownFileType = text.plist.strings; name = en; path = en.lproj/InfoPlist.strings; sourceTree = "<group>"; };
		DCAE574318A4106200E7447D /* CaptureRecordTests.m */ = {isa = PBXFileReference; lastKnownFileType = sourcecode.c.objc; path = CaptureRecordTests.m; sourceTree = "<group>"; };
/* End PBXFileReference section */

/* Begin PBXFrameworksBuildPhase section */
		DCAE572418A4106200E7447D /* Frameworks */ = {
			isa = PBXFrameworksBuildPhase;
			buildActionMask = 2147483647;
			files = (
				DCAE572818A4106200E7447D /* Foundation.framework in Frameworks */,
			);
			runOnlyForDeploymentPostprocessing = 0;
		};
		DCAE573118A4106200E7447D /* Frameworks */ = {
			isa = PBXFrameworksBuildPhase;
			buildActionMask = 2147483647;
			files = (
				DCAE573618A4106200E7447D /* XCTest.framework in Frameworks */,
				DCAE573918A4106200E7447D /* UIKit.framework in Frameworks */,
				DCAE573718A4106200E7447D /* Foundation.framework in Frameworks */,
				DCAE573C18A4106200E7447D /* libCaptureRecord.a in Frameworks */,
			);
			runOnlyForDeploymentPostprocessing = 0;
		};
/* End PBXFrameworksBuildPhase section */

/* Begin PBXGroup section */
		00F90B3E15FFE93F00B5F4DF = {
			isa = PBXGroup;
			children = (
				00F90B5215FFE93F00B5F4DF /* CaptureRecord */,
				DCAE573D18A4106200E7447D /* CaptureRecordTests */,
				00F90B4F15FFE93F00B5F4DF /* Frameworks */,
				00F90B4E15FFE93F00B5F4DF /* Products */,
			);
			sourceTree = "<group>";
		};
		00F90B4E15FFE93F00B5F4DF /* Products */ = {
			isa = PBXGroup;
			children = (
				DCAE572718A4106200E7447D /* libCaptureRecord.a */,
				DCAE573418A4106200E7447D /* CaptureRecordTests.xctest */,
			);
			name = Products;
			sourceTree = "<group>";
		};
		00F90B4F15FFE93F00B5F4DF /* Frameworks */ = {
			isa = PBXGroup;
			children = (
				00F90B5015FFE93F00B5F4DF /* Foundation.framework */,
				DCAE573518A4106200E7447D /* XCTest.framework */,
				DCAE573818A4106200E7447D /* UIKit.framework */,
			);
			name = Frameworks;
			sourceTree = "<group>";
		};
		00F90B5215FFE93F00B5F4DF /* CaptureRecord */ = {
			isa = PBXGroup;
			children = (
				0004914E16373E700083A8D0 /* License.pdf */,
				00F90B5E15FFE9B200B5F4DF /* CaptureRecord.h */,
				00F90B5F15FFE9B200B5F4DF /* CRCameraRecorder.h */,
				00F90B6015FFE9B200B5F4DF /* CRCameraRecorder.m */,
				00F90B6115FFE9B200B5F4DF /* CRCGUtils.h */,
				00F90B6215FFE9B200B5F4DF /* CRCGUtils.m */,
				00F90B6315FFE9B200B5F4DF /* CRDefines.h */,
				00F90B6415FFE9B200B5F4DF /* CRDefines.m */,
				00F90B6515FFE9B200B5F4DF /* CRRecordable.h */,
				00F90B6615FFE9B200B5F4DF /* CRRecorder.h */,
				00F90B6715FFE9B200B5F4DF /* CRRecorder.m */,
				00F90B6815FFE9B200B5F4DF /* CRScreenRecorder.h */,
				00F90B6915FFE9B200B5F4DF /* CRScreenRecorder.m */,
				00F90B6A15FFE9B200B5F4DF /* CRUIButton.h */,
				00F90B6B15FFE9B200B5F4DF /* CRUIButton.m */,
				00F90B6E15FFE9B200B5F4DF /* CRUIRecordOverlay.h */,
				00F90B6F15FFE9B200B5F4DF /* CRUIRecordOverlay.m */,
				00F90B7015FFE9B200B5F4DF /* CRUITouch.h */,
				00F90B7115FFE9B200B5F4DF /* CRUITouch.m */,
				00F90B7215FFE9B200B5F4DF /* CRUIViewRecorder.h */,
				00F90B7315FFE9B200B5F4DF /* CRUIViewRecorder.m */,
				00F90B7415FFE9B200B5F4DF /* CRUIWindow.h */,
				00F90B7515FFE9B200B5F4DF /* CRUIWindow.m */,
				00F90B7615FFE9B200B5F4DF /* CRUtils.h */,
				00F90B7715FFE9B200B5F4DF /* CRUtils.m */,
				00F90B7815FFE9B200B5F4DF /* CRVideo.h */,
				00F90B7915FFE9B200B5F4DF /* CRVideo.m */,
				00F90B7A15FFE9B200B5F4DF /* CRVideoWriter.h */,
				00F90B7B15FFE9B200B5F4DF /* CRVideoWriter.m */,
				00F90B5315FFE93F00B5F4DF /* Supporting Files */,
			);
			path = CaptureRecord;
			sourceTree = "<group>";
		};
		00F90B5315FFE93F00B5F4DF /* Supporting Files */ = {
			isa = PBXGroup;
			children = (
				00F90B5415FFE93F00B5F4DF /* CaptureRecord-Info.plist */,
				00F90B5515FFE93F00B5F4DF /* InfoPlist.strings */,
				00F90B5815FFE93F00B5F4DF /* CaptureRecord-Prefix.pch */,
			);
			name = "Supporting Files";
			sourceTree = "<group>";
		};
		DCAE573D18A4106200E7447D /* CaptureRecordTests */ = {
			isa = PBXGroup;
			children = (
				DCAE574318A4106200E7447D /* CaptureRecordTests.m */,
				DCAE573E18A4106200E7447D /* Supporting Files */,
			);
			path = CaptureRecordTests;
			sourceTree = "<group>";
		};
		DCAE573E18A4106200E7447D /* Supporting Files */ = {
			isa = PBXGroup;
			children = (
				DCAE573F18A4106200E7447D /* CaptureRecordTests-Info.plist */,
				DCAE574018A4106200E7447D /* InfoPlist.strings */,
			);
			name = "Supporting Files";
			sourceTree = "<group>";
		};
/* End PBXGroup section */

/* Begin PBXHeadersBuildPhase section */
		DCAE574B18A410F600E7447D /* Headers */ = {
			isa = PBXHeadersBuildPhase;
			buildActionMask = 2147483647;
			files = (
				DCAE574C18A410FC00E7447D /* CaptureRecord.h in Headers */,
				DCAE575C18A4114A00E7447D /* CRDefines.h in Headers */,
				DCAE575D18A4114A00E7447D /* CRRecordable.h in Headers */,
				DCAE575E18A4114A00E7447D /* CRRecorder.h in Headers */,
				DCAE576418A4114A00E7447D /* CRUIWindow.h in Headers */,
				DCAE576718A4114A00E7447D /* CRVideoWriter.h in Headers */,
				DCAE575A18A4114A00E7447D /* CRCameraRecorder.h in Headers */,
				DCAE575B18A4114A00E7447D /* CRCGUtils.h in Headers */,
				DCAE575F18A4114A00E7447D /* CRScreenRecorder.h in Headers */,
				DCAE576018A4114A00E7447D /* CRUIButton.h in Headers */,
				DCAE576118A4114A00E7447D /* CRUIRecordOverlay.h in Headers */,
				DCAE576218A4114A00E7447D /* CRUITouch.h in Headers */,
				DCAE576318A4114A00E7447D /* CRUIViewRecorder.h in Headers */,
				DCAE576518A4114A00E7447D /* CRUtils.h in Headers */,
				DCAE576618A4114A00E7447D /* CRVideo.h in Headers */,
			);
			runOnlyForDeploymentPostprocessing = 0;
		};
/* End PBXHeadersBuildPhase section */

/* Begin PBXNativeTarget section */
		DCAE572618A4106200E7447D /* CaptureRecord */ = {
			isa = PBXNativeTarget;
			buildConfigurationList = DCAE574518A4106200E7447D /* Build configuration list for PBXNativeTarget "CaptureRecord" */;
			buildPhases = (
				DCAE572318A4106200E7447D /* Sources */,
				DCAE572418A4106200E7447D /* Frameworks */,
				DCAE572518A4106200E7447D /* CopyFiles */,
				DCAE574B18A410F600E7447D /* Headers */,
				DCAE576818A411AE00E7447D /* ShellScript */,
			);
			buildRules = (
			);
			dependencies = (
			);
			name = CaptureRecord;
			productName = CaptureRecord;
			productReference = DCAE572718A4106200E7447D /* libCaptureRecord.a */;
			productType = "com.apple.product-type.library.static";
		};
		DCAE573318A4106200E7447D /* CaptureRecordTests */ = {
			isa = PBXNativeTarget;
			buildConfigurationList = DCAE574818A4106200E7447D /* Build configuration list for PBXNativeTarget "CaptureRecordTests" */;
			buildPhases = (
				DCAE573018A4106200E7447D /* Sources */,
				DCAE573118A4106200E7447D /* Frameworks */,
				DCAE573218A4106200E7447D /* Resources */,
			);
			buildRules = (
			);
			dependencies = (
				DCAE573B18A4106200E7447D /* PBXTargetDependency */,
			);
			name = CaptureRecordTests;
			productName = CaptureRecordTests;
			productReference = DCAE573418A4106200E7447D /* CaptureRecordTests.xctest */;
			productType = "com.apple.product-type.bundle.unit-test";
		};
/* End PBXNativeTarget section */

/* Begin PBXProject section */
		00F90B4015FFE93F00B5F4DF /* Project object */ = {
			isa = PBXProject;
			attributes = {
				LastUpgradeCheck = 0500;
				ORGANIZATIONNAME = "Miscellaneum LLC";
			};
			buildConfigurationList = 00F90B4315FFE93F00B5F4DF /* Build configuration list for PBXProject "CaptureRecord" */;
			compatibilityVersion = "Xcode 3.2";
			developmentRegion = English;
			hasScannedForEncodings = 0;
			knownRegions = (
				en,
			);
			mainGroup = 00F90B3E15FFE93F00B5F4DF;
			productRefGroup = 00F90B4E15FFE93F00B5F4DF /* Products */;
			projectDirPath = "";
			projectRoot = "";
			targets = (
				DCAE572618A4106200E7447D /* CaptureRecord */,
				DCAE573318A4106200E7447D /* CaptureRecordTests */,
				DCDED62218A413650019A070 /* Framework */,
			);
		};
/* End PBXProject section */

/* Begin PBXResourcesBuildPhase section */
		DCAE573218A4106200E7447D /* Resources */ = {
			isa = PBXResourcesBuildPhase;
			buildActionMask = 2147483647;
			files = (
				DCAE574218A4106200E7447D /* InfoPlist.strings in Resources */,
			);
			runOnlyForDeploymentPostprocessing = 0;
		};
/* End PBXResourcesBuildPhase section */

/* Begin PBXShellScriptBuildPhase section */
		DCAE576818A411AE00E7447D /* ShellScript */ = {
			isa = PBXShellScriptBuildPhase;
			buildActionMask = 2147483647;
			files = (
			);
			inputPaths = (
			);
			outputPaths = (
			);
			runOnlyForDeploymentPostprocessing = 0;
			shellPath = /bin/sh;
			shellScript = "set -e\n\nmkdir -p \"${BUILT_PRODUCTS_DIR}/${PRODUCT_NAME}.framework/Versions/A/Headers\"\n\n# Link the \"Current\" version to \"A\"\n/bin/ln -sfh A \"${BUILT_PRODUCTS_DIR}/${PRODUCT_NAME}.framework/Versions/Current\"\n/bin/ln -sfh Versions/Current/Headers \"${BUILT_PRODUCTS_DIR}/${PRODUCT_NAME}.framework/Headers\"\n/bin/ln -sfh \"Versions/Current/${PRODUCT_NAME}\" \"${BUILT_PRODUCTS_DIR}/${PRODUCT_NAME}.framework/${PRODUCT_NAME}\"\n\n# The -a ensures that the headers maintain the source modification date so that we don't constantly\n# cause propagating rebuilds of files that import these headers.\n/bin/cp -a \"${TARGET_BUILD_DIR}/${PUBLIC_HEADERS_FOLDER_PATH}/\" \"${BUILT_PRODUCTS_DIR}/${PRODUCT_NAME}.framework/Versions/A/Headers\"";
		};
		DCDED62818A413890019A070 /* ShellScript */ = {
			isa = PBXShellScriptBuildPhase;
			buildActionMask = 2147483647;
			files = (
			);
			inputPaths = (
			);
			outputPaths = (
			);
			runOnlyForDeploymentPostprocessing = 0;
			shellPath = /bin/sh;
			shellScript = "set -e\nset +u\n# Avoid recursively calling this script.\nif [[ $SF_MASTER_SCRIPT_RUNNING ]]\nthen\nexit 0\nfi\nset -u\nexport SF_MASTER_SCRIPT_RUNNING=1\n\nSF_TARGET_NAME=${PROJECT_NAME}\nSF_EXECUTABLE_PATH=\"lib${SF_TARGET_NAME}.a\"\nSF_WRAPPER_NAME=\"${SF_TARGET_NAME}.framework\"\n\n# The following conditionals come from\n# https://github.com/kstenerud/iOS-Universal-Framework\n\nif [[ \"$SDK_NAME\" =~ ([A-Za-z]+) ]]\nthen\nSF_SDK_PLATFORM=${BASH_REMATCH[1]}\nelse\necho \"Could not find platform name from SDK_NAME: $SDK_NAME\"\nexit 1\nfi\n\nif [[ \"$SDK_NAME\" =~ ([0-9]+.*$) ]]\nthen\nSF_SDK_VERSION=${BASH_REMATCH[1]}\nelse\necho \"Could not find sdk version from SDK_NAME: $SDK_NAME\"\nexit 1\nfi\n\nif [[ \"$SF_SDK_PLATFORM\" = \"iphoneos\" ]]\nthen\nSF_OTHER_PLATFORM=iphonesimulator\nelse\nSF_OTHER_PLATFORM=iphoneos\nfi\n\nif [[ \"$BUILT_PRODUCTS_DIR\" =~ (.*)$SF_SDK_PLATFORM$ ]]\nthen\nSF_OTHER_BUILT_PRODUCTS_DIR=\"${BASH_REMATCH[1]}${SF_OTHER_PLATFORM}\"\nelse\necho \"Could not find platform name from build products directory: $BUILT_PRODUCTS_DIR\"\nexit 1\nfi\n\n# Build the other platform.\nxcrun xcodebuild -project \"${PROJECT_FILE_PATH}\" -target \"${TARGET_NAME}\" -configuration \"${CONFIGURATION}\" -sdk ${SF_OTHER_PLATFORM}${SF_SDK_VERSION} BUILD_DIR=\"${BUILD_DIR}\" OBJROOT=\"${OBJROOT}\" BUILD_ROOT=\"${BUILD_ROOT}\" SYMROOT=\"${SYMROOT}\" $ACTION\n\n# Smash the two static libraries into one fat binary and store it in the .framework\nxcrun lipo -create \"${BUILT_PRODUCTS_DIR}/${SF_EXECUTABLE_PATH}\" \"${SF_OTHER_BUILT_PRODUCTS_DIR}/${SF_EXECUTABLE_PATH}\" -output \"${BUILT_PRODUCTS_DIR}/${SF_WRAPPER_NAME}/Versions/A/${SF_TARGET_NAME}\"\n\n# Copy the binary to the other architecture folder to have a complete framework in both.\ncp -a \"${BUILT_PRODUCTS_DIR}/${SF_WRAPPER_NAME}/Versions/A/${SF_TARGET_NAME}\" \"${SF_OTHER_BUILT_PRODUCTS_DIR}/${SF_WRAPPER_NAME}/Versions/A/${SF_TARGET_NAME}\"\n";
		};
/* End PBXShellScriptBuildPhase section */

/* Begin PBXSourcesBuildPhase section */
		DCAE572318A4106200E7447D /* Sources */ = {
			isa = PBXSourcesBuildPhase;
			buildActionMask = 2147483647;
			files = (
				DCAE574D18A4111D00E7447D /* CRCameraRecorder.m in Sources */,
				DCAE574E18A4111D00E7447D /* CRCGUtils.m in Sources */,
				DCAE574F18A4111D00E7447D /* CRDefines.m in Sources */,
				DCAE575018A4111D00E7447D /* CRRecorder.m in Sources */,
				DCAE575118A4111D00E7447D /* CRScreenRecorder.m in Sources */,
				DCAE575218A4111D00E7447D /* CRUIButton.m in Sources */,
				DCAE575318A4111D00E7447D /* CRUIRecordOverlay.m in Sources */,
				DCAE575418A4111D00E7447D /* CRUITouch.m in Sources */,
				DCAE575518A4111D00E7447D /* CRUIViewRecorder.m in Sources */,
				DCAE575618A4111D00E7447D /* CRUIWindow.m in Sources */,
				DCAE575718A4111D00E7447D /* CRUtils.m in Sources */,
				DCAE575818A4111D00E7447D /* CRVideo.m in Sources */,
				DCAE575918A4111D00E7447D /* CRVideoWriter.m in Sources */,
			);
			runOnlyForDeploymentPostprocessing = 0;
		};
		DCAE573018A4106200E7447D /* Sources */ = {
			isa = PBXSourcesBuildPhase;
			buildActionMask = 2147483647;
			files = (
				DCAE574418A4106200E7447D /* CaptureRecordTests.m in Sources */,
			);
			runOnlyForDeploymentPostprocessing = 0;
		};
/* End PBXSourcesBuildPhase section */

/* Begin PBXTargetDependency section */
		DCAE573B18A4106200E7447D /* PBXTargetDependency */ = {
			isa = PBXTargetDependency;
			target = DCAE572618A4106200E7447D /* CaptureRecord */;
			targetProxy = DCAE573A18A4106200E7447D /* PBXContainerItemProxy */;
		};
		DCDED62718A413730019A070 /* PBXTargetDependency */ = {
			isa = PBXTargetDependency;
			target = DCAE572618A4106200E7447D /* CaptureRecord */;
			targetProxy = DCDED62618A413730019A070 /* PBXContainerItemProxy */;
		};
/* End PBXTargetDependency section */

/* Begin PBXVariantGroup section */
		00F90B5515FFE93F00B5F4DF /* InfoPlist.strings */ = {
			isa = PBXVariantGroup;
			children = (
				00F90B5615FFE93F00B5F4DF /* en */,
			);
			name = InfoPlist.strings;
			sourceTree = "<group>";
		};
		DCAE574018A4106200E7447D /* InfoPlist.strings */ = {
			isa = PBXVariantGroup;
			children = (
				DCAE574118A4106200E7447D /* en */,
			);
			name = InfoPlist.strings;
			sourceTree = "<group>";
		};
/* End PBXVariantGroup section */

/* Begin XCBuildConfiguration section */
		00F90B5915FFE93F00B5F4DF /* Debug */ = {
			isa = XCBuildConfiguration;
			buildSettings = {
				ALWAYS_SEARCH_USER_PATHS = NO;
				CLANG_CXX_LANGUAGE_STANDARD = "gnu++0x";
				CLANG_ENABLE_OBJC_ARC = YES;
				CLANG_WARN_BOOL_CONVERSION = YES;
				CLANG_WARN_CONSTANT_CONVERSION = YES;
				CLANG_WARN_EMPTY_BODY = YES;
				CLANG_WARN_ENUM_CONVERSION = YES;
				CLANG_WARN_INT_CONVERSION = YES;
				CLANG_WARN__DUPLICATE_METHOD_MATCH = YES;
				COPY_PHASE_STRIP = NO;
				GCC_C_LANGUAGE_STANDARD = gnu99;
				GCC_DYNAMIC_NO_PIC = NO;
				GCC_OPTIMIZATION_LEVEL = 0;
				GCC_PREPROCESSOR_DEFINITIONS = (
					"DEBUG=1",
					"$(inherited)",
				);
				GCC_SYMBOLS_PRIVATE_EXTERN = NO;
				GCC_VERSION = com.apple.compilers.llvm.clang.1_0;
				GCC_WARN_64_TO_32_BIT_CONVERSION = YES;
				GCC_WARN_ABOUT_RETURN_TYPE = YES;
				GCC_WARN_UNDECLARED_SELECTOR = YES;
				GCC_WARN_UNINITIALIZED_AUTOS = YES;
				GCC_WARN_UNUSED_FUNCTION = YES;
				GCC_WARN_UNUSED_VARIABLE = YES;
				IPHONEOS_DEPLOYMENT_TARGET = 5.1;
				ONLY_ACTIVE_ARCH = YES;
				SDKROOT = iphoneos;
			};
			name = Debug;
		};
		00F90B5A15FFE93F00B5F4DF /* Release */ = {
			isa = XCBuildConfiguration;
			buildSettings = {
				ALWAYS_SEARCH_USER_PATHS = NO;
				CLANG_CXX_LANGUAGE_STANDARD = "gnu++0x";
				CLANG_ENABLE_OBJC_ARC = YES;
				CLANG_WARN_BOOL_CONVERSION = YES;
				CLANG_WARN_CONSTANT_CONVERSION = YES;
				CLANG_WARN_EMPTY_BODY = YES;
				CLANG_WARN_ENUM_CONVERSION = YES;
				CLANG_WARN_INT_CONVERSION = YES;
				CLANG_WARN__DUPLICATE_METHOD_MATCH = YES;
				COPY_PHASE_STRIP = YES;
				GCC_C_LANGUAGE_STANDARD = gnu99;
				GCC_VERSION = com.apple.compilers.llvm.clang.1_0;
				GCC_WARN_64_TO_32_BIT_CONVERSION = YES;
				GCC_WARN_ABOUT_RETURN_TYPE = YES;
				GCC_WARN_UNDECLARED_SELECTOR = YES;
				GCC_WARN_UNINITIALIZED_AUTOS = YES;
				GCC_WARN_UNUSED_FUNCTION = YES;
				GCC_WARN_UNUSED_VARIABLE = YES;
				IPHONEOS_DEPLOYMENT_TARGET = 5.1;
				SDKROOT = iphoneos;
				VALIDATE_PRODUCT = YES;
			};
			name = Release;
		};
		DCAE574618A4106200E7447D /* Debug */ = {
			isa = XCBuildConfiguration;
			buildSettings = {
				CLANG_CXX_LIBRARY = "libc++";
				CLANG_ENABLE_MODULES = YES;
				CLANG_WARN_BOOL_CONVERSION = YES;
				CLANG_WARN_CONSTANT_CONVERSION = YES;
				CLANG_WARN_DIRECT_OBJC_ISA_USAGE = YES_ERROR;
				CLANG_WARN_EMPTY_BODY = YES;
				CLANG_WARN_ENUM_CONVERSION = YES;
				CLANG_WARN_INT_CONVERSION = YES;
				CLANG_WARN_OBJC_ROOT_CLASS = YES_ERROR;
				COPY_PHASE_STRIP = NO;
				DEAD_CODE_STRIPPING = NO;
				DSTROOT = /tmp/CaptureRecord.dst;
				GCC_PRECOMPILE_PREFIX_HEADER = YES;
				GCC_PREFIX_HEADER = "CaptureRecord/CaptureRecord-Prefix.pch";
				GCC_PREPROCESSOR_DEFINITIONS = (
					"DEBUG=1",
					"$(inherited)",
				);
				GCC_WARN_64_TO_32_BIT_CONVERSION = YES;
				GCC_WARN_ABOUT_RETURN_TYPE = YES_ERROR;
				GCC_WARN_UNDECLARED_SELECTOR = YES;
				GCC_WARN_UNUSED_FUNCTION = YES;
				IPHONEOS_DEPLOYMENT_TARGET = 7.0;
				ONLY_ACTIVE_ARCH = YES;
				OTHER_LDFLAGS = "-ObjC";
				PRODUCT_NAME = "$(TARGET_NAME)";
				PUBLIC_HEADERS_FOLDER_PATH = "$(PROJECT_NAME)Headers";
				SKIP_INSTALL = YES;
				STRIP_STYLE = "non-global";
			};
			name = Debug;
		};
		DCAE574718A4106200E7447D /* Release */ = {
			isa = XCBuildConfiguration;
			buildSettings = {
				CLANG_CXX_LIBRARY = "libc++";
				CLANG_ENABLE_MODULES = YES;
				CLANG_WARN_BOOL_CONVERSION = YES;
				CLANG_WARN_CONSTANT_CONVERSION = YES;
				CLANG_WARN_DIRECT_OBJC_ISA_USAGE = YES_ERROR;
				CLANG_WARN_EMPTY_BODY = YES;
				CLANG_WARN_ENUM_CONVERSION = YES;
				CLANG_WARN_INT_CONVERSION = YES;
				CLANG_WARN_OBJC_ROOT_CLASS = YES_ERROR;
				COPY_PHASE_STRIP = NO;
				DEAD_CODE_STRIPPING = NO;
				DSTROOT = /tmp/CaptureRecord.dst;
				ENABLE_NS_ASSERTIONS = NO;
				GCC_PRECOMPILE_PREFIX_HEADER = YES;
				GCC_PREFIX_HEADER = "CaptureRecord/CaptureRecord-Prefix.pch";
				GCC_WARN_64_TO_32_BIT_CONVERSION = YES;
				GCC_WARN_ABOUT_RETURN_TYPE = YES_ERROR;
				GCC_WARN_UNDECLARED_SELECTOR = YES;
				GCC_WARN_UNUSED_FUNCTION = YES;
				IPHONEOS_DEPLOYMENT_TARGET = 7.0;
				OTHER_LDFLAGS = "-ObjC";
				PRODUCT_NAME = "$(TARGET_NAME)";
				PUBLIC_HEADERS_FOLDER_PATH = "$(PROJECT_NAME)Headers";
				SKIP_INSTALL = YES;
				STRIP_STYLE = "non-global";
			};
			name = Release;
		};
		DCAE574918A4106200E7447D /* Debug */ = {
			isa = XCBuildConfiguration;
			buildSettings = {
				CLANG_CXX_LIBRARY = "libc++";
				CLANG_ENABLE_MODULES = YES;
				CLANG_WARN_BOOL_CONVERSION = YES;
				CLANG_WARN_CONSTANT_CONVERSION = YES;
				CLANG_WARN_DIRECT_OBJC_ISA_USAGE = YES_ERROR;
				CLANG_WARN_EMPTY_BODY = YES;
				CLANG_WARN_ENUM_CONVERSION = YES;
				CLANG_WARN_INT_CONVERSION = YES;
				CLANG_WARN_OBJC_ROOT_CLASS = YES_ERROR;
				FRAMEWORK_SEARCH_PATHS = (
					"$(SDKROOT)/Developer/Library/Frameworks",
					"$(inherited)",
					"$(DEVELOPER_FRAMEWORKS_DIR)",
				);
				GCC_PRECOMPILE_PREFIX_HEADER = YES;
				GCC_PREFIX_HEADER = "CaptureRecord/CaptureRecord-Prefix.pch";
				GCC_PREPROCESSOR_DEFINITIONS = (
					"DEBUG=1",
					"$(inherited)",
				);
				GCC_WARN_64_TO_32_BIT_CONVERSION = YES;
				GCC_WARN_ABOUT_RETURN_TYPE = YES_ERROR;
				GCC_WARN_UNDECLARED_SELECTOR = YES;
				GCC_WARN_UNUSED_FUNCTION = YES;
				INFOPLIST_FILE = "CaptureRecordTests/CaptureRecordTests-Info.plist";
				IPHONEOS_DEPLOYMENT_TARGET = 7.0;
				ONLY_ACTIVE_ARCH = YES;
				PRODUCT_NAME = "$(TARGET_NAME)";
				WRAPPER_EXTENSION = xctest;
			};
			name = Debug;
		};
		DCAE574A18A4106200E7447D /* Release */ = {
			isa = XCBuildConfiguration;
			buildSettings = {
				CLANG_CXX_LIBRARY = "libc++";
				CLANG_ENABLE_MODULES = YES;
				CLANG_WARN_BOOL_CONVERSION = YES;
				CLANG_WARN_CONSTANT_CONVERSION = YES;
				CLANG_WARN_DIRECT_OBJC_ISA_USAGE = YES_ERROR;
				CLANG_WARN_EMPTY_BODY = YES;
				CLANG_WARN_ENUM_CONVERSION = YES;
				CLANG_WARN_INT_CONVERSION = YES;
				CLANG_WARN_OBJC_ROOT_CLASS = YES_ERROR;
				ENABLE_NS_ASSERTIONS = NO;
				FRAMEWORK_SEARCH_PATHS = (
					"$(SDKROOT)/Developer/Library/Frameworks",
					"$(inherited)",
					"$(DEVELOPER_FRAMEWORKS_DIR)",
				);
				GCC_PRECOMPILE_PREFIX_HEADER = YES;
				GCC_PREFIX_HEADER = "CaptureRecord/CaptureRecord-Prefix.pch";
				GCC_WARN_64_TO_32_BIT_CONVERSION = YES;
				GCC_WARN_ABOUT_RETURN_TYPE = YES_ERROR;
				GCC_WARN_UNDECLARED_SELECTOR = YES;
				GCC_WARN_UNUSED_FUNCTION = YES;
				INFOPLIST_FILE = "CaptureRecordTests/CaptureRecordTests-Info.plist";
				IPHONEOS_DEPLOYMENT_TARGET = 7.0;
				PRODUCT_NAME = "$(TARGET_NAME)";
				WRAPPER_EXTENSION = xctest;
			};
			name = Release;
		};
		DCDED62318A413650019A070 /* Debug */ = {
			isa = XCBuildConfiguration;
			buildSettings = {
				PRODUCT_NAME = "$(TARGET_NAME)";
			};
			name = Debug;
		};
		DCDED62418A413650019A070 /* Release */ = {
			isa = XCBuildConfiguration;
			buildSettings = {
				PRODUCT_NAME = "$(TARGET_NAME)";
			};
			name = Release;
		};
/* End XCBuildConfiguration section */

/* Begin XCConfigurationList section */
		00F90B4315FFE93F00B5F4DF /* Build configuration list for PBXProject "CaptureRecord" */ = {
			isa = XCConfigurationList;
			buildConfigurations = (
				00F90B5915FFE93F00B5F4DF /* Debug */,
				00F90B5A15FFE93F00B5F4DF /* Release */,
			);
			defaultConfigurationIsVisible = 0;
			defaultConfigurationName = Release;
		};
		DCAE574518A4106200E7447D /* Build configuration list for PBXNativeTarget "CaptureRecord" */ = {
			isa = XCConfigurationList;
			buildConfigurations = (
				DCAE574618A4106200E7447D /* Debug */,
				DCAE574718A4106200E7447D /* Release */,
			);
			defaultConfigurationIsVisible = 0;
			defaultConfigurationName = Release;
		};
		DCAE574818A4106200E7447D /* Build configuration list for PBXNativeTarget "CaptureRecordTests" */ = {
			isa = XCConfigurationList;
			buildConfigurations = (
				DCAE574918A4106200E7447D /* Debug */,
				DCAE574A18A4106200E7447D /* Release */,
			);
			defaultConfigurationIsVisible = 0;
			defaultConfigurationName = Release;
		};
		DCDED62518A413650019A070 /* Build configuration list for PBXAggregateTarget "Framework" */ = {
			isa = XCConfigurationList;
			buildConfigurations = (
				DCDED62318A413650019A070 /* Debug */,
				DCDED62418A413650019A070 /* Release */,
			);
			defaultConfigurationIsVisible = 0;
			defaultConfigurationName = Release;
		};
/* End XCConfigurationList section */
	};
	rootObject = 00F90B4015FFE93F00B5F4DF /* Project object */;
}
